
Microsoft Visual Studio Solution File, Format Version 10.00
# Visual Studio 2008
Project("{8BC9CEB8-8B4A-11D0-8D11-00A0C91BC942}") = "VS2008", "VS2008.vcproj", "{7601A319-722C-4839-A9D6-E070467E9AAA}"
EndProject
Global
	GlobalSection(SolutionConfigurationPlatforms) = preSolution
		Debug|Win32 = Debug|Win32
		Release|Win32 = Release|Win32
	EndGlobalSection
	GlobalSection(ProjectConfigurationPlatforms) = postSolution
		{7601A319-722C-4839-A9D6-E070467E9AAA}.Debug|Win32.ActiveCfg = Debug|Win32
		{7601A319-722C-4839-A9D6-E070467E9AAA}.Debug|Win32.Build.0 = Debug|Win32
		{7601A319-722C-4839-A9D6-E070467E9AAA}.Release|Win32.ActiveCfg = Release|Win32
		{7601A319-722C-4839-A9D6-E070467E9AAA}.Release|Win32.Build.0 = Release|Win32
	EndGlobalSection
	GlobalSection(SolutionProperties) = preSolution
		HideSolutionNode = FALSE
	EndGlobalSection
EndGlobal
